// !$*UTF8*$!
{
	archiveVersion = 1;
	classes = {
	};
	objectVersion = 55;
	objects = {

/* Begin PBXBuildFile section */
		034AC1E1270512D30087A0E3 /* AppDelegate.swift in Sources */ = {isa = PBXBuildFile; fileRef = 034AC1E0270512D30087A0E3 /* AppDelegate.swift */; };
		034AC1E3270512D30087A0E3 /* SceneDelegate.swift in Sources */ = {isa = PBXBuildFile; fileRef = 034AC1E2270512D30087A0E3 /* SceneDelegate.swift */; };
		034AC1E5270512D30087A0E3 /* ViewController.swift in Sources */ = {isa = PBXBuildFile; fileRef = 034AC1E4270512D30087A0E3 /* ViewController.swift */; };
		034AC1E8270512D30087A0E3 /* Main.storyboard in Resources */ = {isa = PBXBuildFile; fileRef = 034AC1E6270512D30087A0E3 /* Main.storyboard */; };
		034AC1EA270512D40087A0E3 /* Assets.xcassets in Resources */ = {isa = PBXBuildFile; fileRef = 034AC1E9270512D40087A0E3 /* Assets.xcassets */; };
		034AC1ED270512D40087A0E3 /* LaunchScreen.storyboard in Resources */ = {isa = PBXBuildFile; fileRef = 034AC1EB270512D40087A0E3 /* LaunchScreen.storyboard */; };
		034AC1F6270513FF0087A0E3 /* RxCocoa in Frameworks */ = {isa = PBXBuildFile; productRef = 034AC1F5270513FF0087A0E3 /* RxCocoa */; };
		034AC1F8270513FF0087A0E3 /* RxRelay in Frameworks */ = {isa = PBXBuildFile; productRef = 034AC1F7270513FF0087A0E3 /* RxRelay */; };
		034AC1FA270513FF0087A0E3 /* RxSwift in Frameworks */ = {isa = PBXBuildFile; productRef = 034AC1F9270513FF0087A0E3 /* RxSwift */; };
/* End PBXBuildFile section */

/* Begin PBXFileReference section */
		034AC1DD270512D30087A0E3 /* RxSwiftDiffableCrash.app */ = {isa = PBXFileReference; explicitFileType = wrapper.application; includeInIndex = 0; path = RxSwiftDiffableCrash.app; sourceTree = BUILT_PRODUCTS_DIR; };
		034AC1E0270512D30087A0E3 /* AppDelegate.swift */ = {isa = PBXFileReference; lastKnownFileType = sourcecode.swift; path = AppDelegate.swift; sourceTree = "<group>"; };
		034AC1E2270512D30087A0E3 /* SceneDelegate.swift */ = {isa = PBXFileReference; lastKnownFileType = sourcecode.swift; path = SceneDelegate.swift; sourceTree = "<group>"; };
		034AC1E4270512D30087A0E3 /* ViewController.swift */ = {isa = PBXFileReference; lastKnownFileType = sourcecode.swift; path = ViewController.swift; sourceTree = "<group>"; };
		034AC1E7270512D30087A0E3 /* Base */ = {isa = PBXFileReference; lastKnownFileType = file.storyboard; name = Base; path = Base.lproj/Main.storyboard; sourceTree = "<group>"; };
		034AC1E9270512D40087A0E3 /* Assets.xcassets */ = {isa = PBXFileReference; lastKnownFileType = folder.assetcatalog; path = Assets.xcassets; sourceTree = "<group>"; };
		034AC1EC270512D40087A0E3 /* Base */ = {isa = PBXFileReference; lastKnownFileType = file.storyboard; name = Base; path = Base.lproj/LaunchScreen.storyboard; sourceTree = "<group>"; };
		034AC1EE270512D40087A0E3 /* Info.plist */ = {isa = PBXFileReference; lastKnownFileType = text.plist.xml; path = Info.plist; sourceTree = "<group>"; };
/* End PBXFileReference section */

/* Begin PBXFrameworksBuildPhase section */
		034AC1DA270512D30087A0E3 /* Frameworks */ = {
			isa = PBXFrameworksBuildPhase;
			buildActionMask = 2147483647;
			files = (
				034AC1FA270513FF0087A0E3 /* RxSwift in Frameworks */,
				034AC1F8270513FF0087A0E3 /* RxRelay in Frameworks */,
				034AC1F6270513FF0087A0E3 /* RxCocoa in Frameworks */,
			);
			runOnlyForDeploymentPostprocessing = 0;
		};
/* End PBXFrameworksBuildPhase section */

/* Begin PBXGroup section */
		034AC1D4270512D30087A0E3 = {
			isa = PBXGroup;
			children = (
				034AC1DF270512D30087A0E3 /* RxSwiftDiffableCrash */,
				034AC1DE270512D30087A0E3 /* Products */,
			);
			sourceTree = "<group>";
		};
		034AC1DE270512D30087A0E3 /* Products */ = {
			isa = PBXGroup;
			children = (
				034AC1DD270512D30087A0E3 /* RxSwiftDiffableCrash.app */,
			);
			name = Products;
			sourceTree = "<group>";
		};
		034AC1DF270512D30087A0E3 /* RxSwiftDiffableCrash */ = {
			isa = PBXGroup;
			children = (
				034AC1E0270512D30087A0E3 /* AppDelegate.swift */,
				034AC1E2270512D30087A0E3 /* SceneDelegate.swift */,
				034AC1E4270512D30087A0E3 /* ViewController.swift */,
				034AC1E6270512D30087A0E3 /* Main.storyboard */,
				034AC1E9270512D40087A0E3 /* Assets.xcassets */,
				034AC1EB270512D40087A0E3 /* LaunchScreen.storyboard */,
				034AC1EE270512D40087A0E3 /* Info.plist */,
			);
			path = RxSwiftDiffableCrash;
			sourceTree = "<group>";
		};
/* End PBXGroup section */

/* Begin PBXNativeTarget section */
		034AC1DC270512D30087A0E3 /* RxSwiftDiffableCrash */ = {
			isa = PBXNativeTarget;
			buildConfigurationList = 034AC1F1270512D40087A0E3 /* Build configuration list for PBXNativeTarget "RxSwiftDiffableCrash" */;
			buildPhases = (
				034AC1D9270512D30087A0E3 /* Sources */,
				034AC1DA270512D30087A0E3 /* Frameworks */,
				034AC1DB270512D30087A0E3 /* Resources */,
			);
			buildRules = (
			);
			dependencies = (
			);
			name = RxSwiftDiffableCrash;
			packageProductDependencies = (
				034AC1F5270513FF0087A0E3 /* RxCocoa */,
				034AC1F7270513FF0087A0E3 /* RxRelay */,
				034AC1F9270513FF0087A0E3 /* RxSwift */,
			);
			productName = RxSwiftDiffableCrash;
			productReference = 034AC1DD270512D30087A0E3 /* RxSwiftDiffableCrash.app */;
			productType = "com.apple.product-type.application";
		};
/* End PBXNativeTarget section */

/* Begin PBXProject section */
		034AC1D5270512D30087A0E3 /* Project object */ = {
			isa = PBXProject;
			attributes = {
				BuildIndependentTargetsInParallel = 1;
				LastSwiftUpdateCheck = 1300;
				LastUpgradeCheck = 1300;
				TargetAttributes = {
					034AC1DC270512D30087A0E3 = {
						CreatedOnToolsVersion = 13.0;
					};
				};
			};
			buildConfigurationList = 034AC1D8270512D30087A0E3 /* Build configuration list for PBXProject "RxSwiftDiffableCrash" */;
			compatibilityVersion = "Xcode 13.0";
			developmentRegion = en;
			hasScannedForEncodings = 0;
			knownRegions = (
				en,
				Base,
			);
			mainGroup = 034AC1D4270512D30087A0E3;
			packageReferences = (
				034AC1F4270513FF0087A0E3 /* XCRemoteSwiftPackageReference "RxSwift" */,
			);
			productRefGroup = 034AC1DE270512D30087A0E3 /* Products */;
			projectDirPath = "";
			projectRoot = "";
			targets = (
				034AC1DC270512D30087A0E3 /* RxSwiftDiffableCrash */,
			);
		};
/* End PBXProject section */

/* Begin PBXResourcesBuildPhase section */
		034AC1DB270512D30087A0E3 /* Resources */ = {
			isa = PBXResourcesBuildPhase;
			buildActionMask = 2147483647;
			files = (
				034AC1ED270512D40087A0E3 /* LaunchScreen.storyboard in Resources */,
				034AC1EA270512D40087A0E3 /* Assets.xcassets in Resources */,
				034AC1E8270512D30087A0E3 /* Main.storyboard in Resources */,
			);
			runOnlyForDeploymentPostprocessing = 0;
		};
/* End PBXResourcesBuildPhase section */

/* Begin PBXSourcesBuildPhase section */
		034AC1D9270512D30087A0E3 /* Sources */ = {
			isa = PBXSourcesBuildPhase;
			buildActionMask = 2147483647;
			files = (
				034AC1E5270512D30087A0E3 /* ViewController.swift in Sources */,
				034AC1E1270512D30087A0E3 /* AppDelegate.swift in Sources */,
				034AC1E3270512D30087A0E3 /* SceneDelegate.swift in Sources */,
			);
			runOnlyForDeploymentPostprocessing = 0;
		};
/* End PBXSourcesBuildPhase section */

/* Begin PBXVariantGroup section */
		034AC1E6270512D30087A0E3 /* Main.storyboard */ = {
			isa = PBXVariantGroup;
			children = (
				034AC1E7270512D30087A0E3 /* Base */,
			);
			name = Main.storyboard;
			sourceTree = "<group>";
		};
		034AC1EB270512D40087A0E3 /* LaunchScreen.storyboard */ = {
			isa = PBXVariantGroup;
			children = (
				034AC1EC270512D40087A0E3 /* Base */,
			);
			name = LaunchScreen.storyboard;
			sourceTree = "<group>";
		};
/* End PBXVariantGroup section */

/* Begin XCBuildConfiguration section */
		034AC1EF270512D40087A0E3 /* Debug */ = {
			isa = XCBuildConfiguration;
			buildSettings = {
				ALWAYS_SEARCH_USER_PATHS = NO;
				CLANG_ANALYZER_NONNULL = YES;
				CLANG_ANALYZER_NUMBER_OBJECT_CONVERSION = YES_AGGRESSIVE;
				CLANG_CXX_LANGUAGE_STANDARD = "gnu++17";
				CLANG_CXX_LIBRARY = "libc++";
				CLANG_ENABLE_MODULES = YES;
				CLANG_ENABLE_OBJC_ARC = YES;
				CLANG_ENABLE_OBJC_WEAK = YES;
				CLANG_WARN_BLOCK_CAPTURE_AUTORELEASING = YES;
				CLANG_WARN_BOOL_CONVERSION = YES;
				CLANG_WARN_COMMA = YES;
				CLANG_WARN_CONSTANT_CONVERSION = YES;
				CLANG_WARN_DEPRECATED_OBJC_IMPLEMENTATIONS = YES;
				CLANG_WARN_DIRECT_OBJC_ISA_USAGE = YES_ERROR;
				CLANG_WARN_DOCUMENTATION_COMMENTS = YES;
				CLANG_WARN_EMPTY_BODY = YES;
				CLANG_WARN_ENUM_CONVERSION = YES;
				CLANG_WARN_INFINITE_RECURSION = YES;
				CLANG_WARN_INT_CONVERSION = YES;
				CLANG_WARN_NON_LITERAL_NULL_CONVERSION = YES;
				CLANG_WARN_OBJC_IMPLICIT_RETAIN_SELF = YES;
				CLANG_WARN_OBJC_LITERAL_CONVERSION = YES;
				CLANG_WARN_OBJC_ROOT_CLASS = YES_ERROR;
				CLANG_WARN_QUOTED_INCLUDE_IN_FRAMEWORK_HEADER = YES;
				CLANG_WARN_RANGE_LOOP_ANALYSIS = YES;
				CLANG_WARN_STRICT_PROTOTYPES = YES;
				CLANG_WARN_SUSPICIOUS_MOVE = YES;
				CLANG_WARN_UNGUARDED_AVAILABILITY = YES_AGGRESSIVE;
				CLANG_WARN_UNREACHABLE_CODE = YES;
				CLANG_WARN__DUPLICATE_METHOD_MATCH = YES;
				COPY_PHASE_STRIP = NO;
				DEBUG_INFORMATION_FORMAT = dwarf;
				ENABLE_STRICT_OBJC_MSGSEND = YES;
				ENABLE_TESTABILITY = YES;
				GCC_C_LANGUAGE_STANDARD = gnu11;
				GCC_DYNAMIC_NO_PIC = NO;
				GCC_NO_COMMON_BLOCKS = YES;
				GCC_OPTIMIZATION_LEVEL = 0;
				GCC_PREPROCESSOR_DEFINITIONS = (
					"DEBUG=1",
					"$(inherited)",
				);
				GCC_WARN_64_TO_32_BIT_CONVERSION = YES;
				GCC_WARN_ABOUT_RETURN_TYPE = YES_ERROR;
				GCC_WARN_UNDECLARED_SELECTOR = YES;
				GCC_WARN_UNINITIALIZED_AUTOS = YES_AGGRESSIVE;
				GCC_WARN_UNUSED_FUNCTION = YES;
				GCC_WARN_UNUSED_VARIABLE = YES;
				IPHONEOS_DEPLOYMENT_TARGET = 15.0;
				MTL_ENABLE_DEBUG_INFO = INCLUDE_SOURCE;
				MTL_FAST_MATH = YES;
				ONLY_ACTIVE_ARCH = YES;
				SDKROOT = iphoneos;
				SWIFT_ACTIVE_COMPILATION_CONDITIONS = DEBUG;
				SWIFT_OPTIMIZATION_LEVEL = "-Onone";
			};
			name = Debug;
		};
		034AC1F0270512D40087A0E3 /* Release */ = {
			isa = XCBuildConfiguration;
			buildSettings = {
				ALWAYS_SEARCH_USER_PATHS = NO;
				CLANG_ANALYZER_NONNULL = YES;
				CLANG_ANALYZER_NUMBER_OBJECT_CONVERSION = YES_AGGRESSIVE;
				CLANG_CXX_LANGUAGE_STANDARD = "gnu++17";
				CLANG_CXX_LIBRARY = "libc++";
				CLANG_ENABLE_MODULES = YES;
				CLANG_ENABLE_OBJC_ARC = YES;
				CLANG_ENABLE_OBJC_WEAK = YES;
				CLANG_WARN_BLOCK_CAPTURE_AUTORELEASING = YES;
				CLANG_WARN_BOOL_CONVERSION = YES;
				CLANG_WARN_COMMA = YES;
				CLANG_WARN_CONSTANT_CONVERSION = YES;
				CLANG_WARN_DEPRECATED_OBJC_IMPLEMENTATIONS = YES;
				CLANG_WARN_DIRECT_OBJC_ISA_USAGE = YES_ERROR;
				CLANG_WARN_DOCUMENTATION_COMMENTS = YES;
				CLANG_WARN_EMPTY_BODY = YES;
				CLANG_WARN_ENUM_CONVERSION = YES;
				CLANG_WARN_INFINITE_RECURSION = YES;
				CLANG_WARN_INT_CONVERSION = YES;
				CLANG_WARN_NON_LITERAL_NULL_CONVERSION = YES;
				CLANG_WARN_OBJC_IMPLICIT_RETAIN_SELF = YES;
				CLANG_WARN_OBJC_LITERAL_CONVERSION = YES;
				CLANG_WARN_OBJC_ROOT_CLASS = YES_ERROR;
				CLANG_WARN_QUOTED_INCLUDE_IN_FRAMEWORK_HEADER = YES;
				CLANG_WARN_RANGE_LOOP_ANALYSIS = YES;
				CLANG_WARN_STRICT_PROTOTYPES = YES;
				CLANG_WARN_SUSPICIOUS_MOVE = YES;
				CLANG_WARN_UNGUARDED_AVAILABILITY = YES_AGGRESSIVE;
				CLANG_WARN_UNREACHABLE_CODE = YES;
				CLANG_WARN__DUPLICATE_METHOD_MATCH = YES;
				COPY_PHASE_STRIP = NO;
				DEBUG_INFORMATION_FORMAT = "dwarf-with-dsym";
				ENABLE_NS_ASSERTIONS = NO;
				ENABLE_STRICT_OBJC_MSGSEND = YES;
				GCC_C_LANGUAGE_STANDARD = gnu11;
				GCC_NO_COMMON_BLOCKS = YES;
				GCC_WARN_64_TO_32_BIT_CONVERSION = YES;
				GCC_WARN_ABOUT_RETURN_TYPE = YES_ERROR;
				GCC_WARN_UNDECLARED_SELECTOR = YES;
				GCC_WARN_UNINITIALIZED_AUTOS = YES_AGGRESSIVE;
				GCC_WARN_UNUSED_FUNCTION = YES;
				GCC_WARN_UNUSED_VARIABLE = YES;
				IPHONEOS_DEPLOYMENT_TARGET = 15.0;
				MTL_ENABLE_DEBUG_INFO = NO;
				MTL_FAST_MATH = YES;
				SDKROOT = iphoneos;
				SWIFT_COMPILATION_MODE = wholemodule;
				SWIFT_OPTIMIZATION_LEVEL = "-O";
				VALIDATE_PRODUCT = YES;
			};
			name = Release;
		};
		034AC1F2270512D40087A0E3 /* Debug */ = {
			isa = XCBuildConfiguration;
			buildSettings = {
				ASSETCATALOG_COMPILER_APPICON_NAME = AppIcon;
				ASSETCATALOG_COMPILER_GLOBAL_ACCENT_COLOR_NAME = AccentColor;
				CODE_SIGN_STYLE = Automatic;
				CURRENT_PROJECT_VERSION = 1;
				GENERATE_INFOPLIST_FILE = YES;
				INFOPLIST_FILE = RxSwiftDiffableCrash/Info.plist;
				INFOPLIST_KEY_UIApplicationSupportsIndirectInputEvents = YES;
				INFOPLIST_KEY_UILaunchStoryboardName = LaunchScreen;
				INFOPLIST_KEY_UIMainStoryboardFile = Main;
				INFOPLIST_KEY_UISupportedInterfaceOrientations_iPad = "UIInterfaceOrientationPortrait UIInterfaceOrientationPortraitUpsideDown UIInterfaceOrientationLandscapeLeft UIInterfaceOrientationLandscapeRight";
				INFOPLIST_KEY_UISupportedInterfaceOrientations_iPhone = "UIInterfaceOrientationPortrait UIInterfaceOrientationLandscapeLeft UIInterfaceOrientationLandscapeRight";
				LD_RUNPATH_SEARCH_PATHS = (
					"$(inherited)",
					"@executable_path/Frameworks",
				);
				MARKETING_VERSION = 1.0;
				PRODUCT_BUNDLE_IDENTIFIER = me.hawkraven.RxSwiftDiffableCrash;
				PRODUCT_NAME = "$(TARGET_NAME)";
				SWIFT_EMIT_LOC_STRINGS = YES;
				SWIFT_VERSION = 5.0;
				TARGETED_DEVICE_FAMILY = "1,2";
			};
			name = Debug;
		};
		034AC1F3270512D40087A0E3 /* Release */ = {
			isa = XCBuildConfiguration;
			buildSettings = {
				ASSETCATALOG_COMPILER_APPICON_NAME = AppIcon;
				ASSETCATALOG_COMPILER_GLOBAL_ACCENT_COLOR_NAME = AccentColor;
				CODE_SIGN_STYLE = Automatic;
				CURRENT_PROJECT_VERSION = 1;
				GENERATE_INFOPLIST_FILE = YES;
				INFOPLIST_FILE = RxSwiftDiffableCrash/Info.plist;
				INFOPLIST_KEY_UIApplicationSupportsIndirectInputEvents = YES;
				INFOPLIST_KEY_UILaunchStoryboardName = LaunchScreen;
				INFOPLIST_KEY_UIMainStoryboardFile = Main;
				INFOPLIST_KEY_UISupportedInterfaceOrientations_iPad = "UIInterfaceOrientationPortrait UIInterfaceOrientationPortraitUpsideDown UIInterfaceOrientationLandscapeLeft UIInterfaceOrientationLandscapeRight";
				INFOPLIST_KEY_UISupportedInterfaceOrientations_iPhone = "UIInterfaceOrientationPortrait UIInterfaceOrientationLandscapeLeft UIInterfaceOrientationLandscapeRight";
				LD_RUNPATH_SEARCH_PATHS = (
					"$(inherited)",
					"@executable_path/Frameworks",
				);
				MARKETING_VERSION = 1.0;
				PRODUCT_BUNDLE_IDENTIFIER = me.hawkraven.RxSwiftDiffableCrash;
				PRODUCT_NAME = "$(TARGET_NAME)";
				SWIFT_EMIT_LOC_STRINGS = YES;
				SWIFT_VERSION = 5.0;
				TARGETED_DEVICE_FAMILY = "1,2";
			};
			name = Release;
		};
/* End XCBuildConfiguration section */

/* Begin XCConfigurationList section */
		034AC1D8270512D30087A0E3 /* Build configuration list for PBXProject "RxSwiftDiffableCrash" */ = {
			isa = XCConfigurationList;
			buildConfigurations = (
				034AC1EF270512D40087A0E3 /* Debug */,
				034AC1F0270512D40087A0E3 /* Release */,
			);
			defaultConfigurationIsVisible = 0;
			defaultConfigurationName = Release;
		};
		034AC1F1270512D40087A0E3 /* Build configuration list for PBXNativeTarget "RxSwiftDiffableCrash" */ = {
			isa = XCConfigurationList;
			buildConfigurations = (
				034AC1F2270512D40087A0E3 /* Debug */,
				034AC1F3270512D40087A0E3 /* Release */,
			);
			defaultConfigurationIsVisible = 0;
			defaultConfigurationName = Release;
		};
/* End XCConfigurationList section */

/* Begin XCRemoteSwiftPackageReference section */
		034AC1F4270513FF0087A0E3 /* XCRemoteSwiftPackageReference "RxSwift" */ = {
			isa = XCRemoteSwiftPackageReference;
			repositoryURL = "https://github.com/ReactiveX/RxSwift.git";
			requirement = {
				kind = upToNextMajorVersion;
				minimumVersion = 6.0.0;
			};
		};
/* End XCRemoteSwiftPackageReference section */

/* Begin XCSwiftPackageProductDependency section */
		034AC1F5270513FF0087A0E3 /* RxCocoa */ = {
			isa = XCSwiftPackageProductDependency;
			package = 034AC1F4270513FF0087A0E3 /* XCRemoteSwiftPackageReference "RxSwift" */;
			productName = RxCocoa;
		};
		034AC1F7270513FF0087A0E3 /* RxRelay */ = {
			isa = XCSwiftPackageProductDependency;
			package = 034AC1F4270513FF0087A0E3 /* XCRemoteSwiftPackageReference "RxSwift" */;
			productName = RxRelay;
		};
		034AC1F9270513FF0087A0E3 /* RxSwift */ = {
			isa = XCSwiftPackageProductDependency;
			package = 034AC1F4270513FF0087A0E3 /* XCRemoteSwiftPackageReference "RxSwift" */;
			productName = RxSwift;
		};
/* End XCSwiftPackageProductDependency section */
	};
	rootObject = 034AC1D5270512D30087A0E3 /* Project object */;
}
